Microsoft Visual Studio Solution File, Format Version 11.00
# Visual Studio 2008

Project("{D4EBAD57-DE10-4FD3-77FA-5C0BD6F6DC92}") = "hw1", "Assembly-CSharp-firstpass.csproj", "{7176FACD-B9FB-08DE-8B9F-FB5BFCF6071D}"
EndProject
Project("{D4EBAD57-DE10-4FD3-77FA-5C0BD6F6DC92}") = "hw1", "Assembly-CSharp.csproj", "{2853C746-4039-6B57-3833-6C263FE920E7}"
EndProject
Project("{D4EBAD57-DE10-4FD3-77FA-5C0BD6F6DC92}") = "hw1", "Assembly-UnityScript-firstpass.unityproj", "{99601F62-C635-58B6-BE94-1B478EC7E9D6}"
EndProject
Project("{D4EBAD57-DE10-4FD3-77FA-5C0BD6F6DC92}") = "hw1", "Assembly-UnityScript.unityproj", "{ED0C85F8-75A8-7899-FD40-99B476B39ACA}"
EndProject
Global
	GlobalSection(SolutionConfigurationPlatforms) = preSolution
		Debug|Any CPU = Debug|Any CPU
		Release|Any CPU = Release|Any CPU
	EndGlobalSection
	GlobalSection(ProjectConfigurationPlatforms) = postSolution
		{7176FACD-B9FB-08DE-8B9F-FB5BFCF6071D}.Debug|Any CPU.ActiveCfg = Debug|Any CPU
		{7176FACD-B9FB-08DE-8B9F-FB5BFCF6071D}.Debug|Any CPU.Build.0 = Debug|Any CPU
		{7176FACD-B9FB-08DE-8B9F-FB5BFCF6071D}.Release|Any CPU.ActiveCfg = Release|Any CPU
		{7176FACD-B9FB-08DE-8B9F-FB5BFCF6071D}.Release|Any CPU.Build.0 = Release|Any CPU
		{2853C746-4039-6B57-3833-6C263FE920E7}.Debug|Any CPU.ActiveCfg = Debug|Any CPU
		{2853C746-4039-6B57-3833-6C263FE920E7}.Debug|Any CPU.Build.0 = Debug|Any CPU
		{2853C746-4039-6B57-3833-6C263FE920E7}.Release|Any CPU.ActiveCfg = Release|Any CPU
		{2853C746-4039-6B57-3833-6C263FE920E7}.Release|Any CPU.Build.0 = Release|Any CPU
		{99601F62-C635-58B6-BE94-1B478EC7E9D6}.Debug|Any CPU.ActiveCfg = Debug|Any CPU
		{99601F62-C635-58B6-BE94-1B478EC7E9D6}.Debug|Any CPU.Build.0 = Debug|Any CPU
		{99601F62-C635-58B6-BE94-1B478EC7E9D6}.Release|Any CPU.ActiveCfg = Release|Any CPU
		{99601F62-C635-58B6-BE94-1B478EC7E9D6}.Release|Any CPU.Build.0 = Release|Any CPU
		{ED0C85F8-75A8-7899-FD40-99B476B39ACA}.Debug|Any CPU.ActiveCfg = Debug|Any CPU
		{ED0C85F8-75A8-7899-FD40-99B476B39ACA}.Debug|Any CPU.Build.0 = Debug|Any CPU
		{ED0C85F8-75A8-7899-FD40-99B476B39ACA}.Release|Any CPU.ActiveCfg = Release|Any CPU
		{ED0C85F8-75A8-7899-FD40-99B476B39ACA}.Release|Any CPU.Build.0 = Release|Any CPU
	EndGlobalSection
	GlobalSection(SolutionProperties) = preSolution
		HideSolutionNode = FALSE
	EndGlobalSection
							GlobalSection(MonoDevelopProperties) = preSolution
		StartupItem = Assembly-CSharp.csproj
		Policies = $0
		$0.TextStylePolicy = $1
		$1.inheritsSet = null
		$1.scope = text/x-csharp
		$0.CSharpFormattingPolicy = $2
		$2.inheritsSet = Mono
		$2.inheritsScope = text/x-csharp
		$2.scope = text/x-csharp
		$0.TextStylePolicy = $3
		$3.FileWidth = 120
		$3.TabWidth = 4
		$3.EolMarker = Unix
		$3.inheritsSet = Mono
		$3.inheritsScope = text/plain
		$3.scope = text/plain
	EndGlobalSection

EndGlobal
